// !$*UTF8*$!
{
	archiveVersion = 1;
	classes = {
	};
	objectVersion = 56;
	objects = {

/* Begin PBXBuildFile section */
		D54676B02AA2F5F7000914F9 /* AppDelegate.swift in Sources */ = {isa = PBXBuildFile; fileRef = D54676AF2AA2F5F7000914F9 /* AppDelegate.swift */; };
		D54676B22AA2F5F7000914F9 /* SceneDelegate.swift in Sources */ = {isa = PBXBuildFile; fileRef = D54676B12AA2F5F7000914F9 /* SceneDelegate.swift */; };
		D54676B42AA2F5F7000914F9 /* RMBarViewController.swift in Sources */ = {isa = PBXBuildFile; fileRef = D54676B32AA2F5F7000914F9 /* RMBarViewController.swift */; };
		D54676B92AA2F5FB000914F9 /* Assets.xcassets in Resources */ = {isa = PBXBuildFile; fileRef = D54676B82AA2F5FB000914F9 /* Assets.xcassets */; };
		D54676BC2AA2F5FB000914F9 /* LaunchScreen.storyboard in Resources */ = {isa = PBXBuildFile; fileRef = D54676BA2AA2F5FB000914F9 /* LaunchScreen.storyboard */; };
		D54676CD2AA2FAC9000914F9 /* RMLocation.swift in Sources */ = {isa = PBXBuildFile; fileRef = D54676CC2AA2FAC9000914F9 /* RMLocation.swift */; };
		D54676CF2AA2FAD2000914F9 /* RMCharacter.swift in Sources */ = {isa = PBXBuildFile; fileRef = D54676CE2AA2FAD2000914F9 /* RMCharacter.swift */; };
		D54676D12AA2FAD9000914F9 /* RMEpisode.swift in Sources */ = {isa = PBXBuildFile; fileRef = D54676D02AA2FAD9000914F9 /* RMEpisode.swift */; };
		D54676D42AA2FB9F000914F9 /* RMCharacterViewController.swift in Sources */ = {isa = PBXBuildFile; fileRef = D54676D32AA2FB9F000914F9 /* RMCharacterViewController.swift */; };
		D54676D62AA2FBAF000914F9 /* RMLocationViewController.swift in Sources */ = {isa = PBXBuildFile; fileRef = D54676D52AA2FBAF000914F9 /* RMLocationViewController.swift */; };
		D54676D82AA2FBBA000914F9 /* RMEpisodeViewController.swift in Sources */ = {isa = PBXBuildFile; fileRef = D54676D72AA2FBBA000914F9 /* RMEpisodeViewController.swift */; };
		D54676DA2AA2FBC2000914F9 /* RMSettingsViewController.swift in Sources */ = {isa = PBXBuildFile; fileRef = D54676D92AA2FBC2000914F9 /* RMSettingsViewController.swift */; };
		D5D89C152AA55155001197E5 /* RMService.swift in Sources */ = {isa = PBXBuildFile; fileRef = D5D89C142AA55155001197E5 /* RMService.swift */; };
		D5D89C172AA5516B001197E5 /* RMRequest.swift in Sources */ = {isa = PBXBuildFile; fileRef = D5D89C162AA5516B001197E5 /* RMRequest.swift */; };
		D5D89C192AA551F7001197E5 /* RMEndpoint.swift in Sources */ = {isa = PBXBuildFile; fileRef = D5D89C182AA551F7001197E5 /* RMEndpoint.swift */; };
		D5D89C1B2AA55554001197E5 /* RMOrigin.swift in Sources */ = {isa = PBXBuildFile; fileRef = D5D89C1A2AA55554001197E5 /* RMOrigin.swift */; };
		D5D89C1D2AA555BE001197E5 /* RMSingleLocation.swift in Sources */ = {isa = PBXBuildFile; fileRef = D5D89C1C2AA555BE001197E5 /* RMSingleLocation.swift */; };
		D5D89C1F2AA5566F001197E5 /* RMCharacterStatus.swift in Sources */ = {isa = PBXBuildFile; fileRef = D5D89C1E2AA5566F001197E5 /* RMCharacterStatus.swift */; };
		D5D89C212AA5568D001197E5 /* RMCharacterGender.swift in Sources */ = {isa = PBXBuildFile; fileRef = D5D89C202AA5568D001197E5 /* RMCharacterGender.swift */; };
		D5D89C252AA5679A001197E5 /* GetAllCharactersResponse.swift in Sources */ = {isa = PBXBuildFile; fileRef = D5D89C242AA5679A001197E5 /* GetAllCharactersResponse.swift */; };
/* End PBXBuildFile section */

/* Begin PBXFileReference section */
		D54676AC2AA2F5F7000914F9 /* RickAndMorty.app */ = {isa = PBXFileReference; explicitFileType = wrapper.application; includeInIndex = 0; path = RickAndMorty.app; sourceTree = BUILT_PRODUCTS_DIR; };
		D54676AF2AA2F5F7000914F9 /* AppDelegate.swift */ = {isa = PBXFileReference; lastKnownFileType = sourcecode.swift; path = AppDelegate.swift; sourceTree = "<group>"; };
		D54676B12AA2F5F7000914F9 /* SceneDelegate.swift */ = {isa = PBXFileReference; lastKnownFileType = sourcecode.swift; path = SceneDelegate.swift; sourceTree = "<group>"; };
		D54676B32AA2F5F7000914F9 /* RMBarViewController.swift */ = {isa = PBXFileReference; lastKnownFileType = sourcecode.swift; path = RMBarViewController.swift; sourceTree = "<group>"; };
		D54676B82AA2F5FB000914F9 /* Assets.xcassets */ = {isa = PBXFileReference; lastKnownFileType = folder.assetcatalog; path = Assets.xcassets; sourceTree = "<group>"; };
		D54676BB2AA2F5FB000914F9 /* Base */ = {isa = PBXFileReference; lastKnownFileType = file.storyboard; name = Base; path = Base.lproj/LaunchScreen.storyboard; sourceTree = "<group>"; };
		D54676BD2AA2F5FB000914F9 /* Info.plist */ = {isa = PBXFileReference; lastKnownFileType = text.plist.xml; path = Info.plist; sourceTree = "<group>"; };
		D54676CC2AA2FAC9000914F9 /* RMLocation.swift */ = {isa = PBXFileReference; lastKnownFileType = sourcecode.swift; path = RMLocation.swift; sourceTree = "<group>"; };
		D54676CE2AA2FAD2000914F9 /* RMCharacter.swift */ = {isa = PBXFileReference; lastKnownFileType = sourcecode.swift; path = RMCharacter.swift; sourceTree = "<group>"; };
		D54676D02AA2FAD9000914F9 /* RMEpisode.swift */ = {isa = PBXFileReference; lastKnownFileType = sourcecode.swift; path = RMEpisode.swift; sourceTree = "<group>"; };
		D54676D32AA2FB9F000914F9 /* RMCharacterViewController.swift */ = {isa = PBXFileReference; lastKnownFileType = sourcecode.swift; path = RMCharacterViewController.swift; sourceTree = "<group>"; };
		D54676D52AA2FBAF000914F9 /* RMLocationViewController.swift */ = {isa = PBXFileReference; lastKnownFileType = sourcecode.swift; path = RMLocationViewController.swift; sourceTree = "<group>"; };
		D54676D72AA2FBBA000914F9 /* RMEpisodeViewController.swift */ = {isa = PBXFileReference; lastKnownFileType = sourcecode.swift; path = RMEpisodeViewController.swift; sourceTree = "<group>"; };
		D54676D92AA2FBC2000914F9 /* RMSettingsViewController.swift */ = {isa = PBXFileReference; lastKnownFileType = sourcecode.swift; path = RMSettingsViewController.swift; sourceTree = "<group>"; };
		D5D89C142AA55155001197E5 /* RMService.swift */ = {isa = PBXFileReference; lastKnownFileType = sourcecode.swift; path = RMService.swift; sourceTree = "<group>"; };
		D5D89C162AA5516B001197E5 /* RMRequest.swift */ = {isa = PBXFileReference; lastKnownFileType = sourcecode.swift; path = RMRequest.swift; sourceTree = "<group>"; };
		D5D89C182AA551F7001197E5 /* RMEndpoint.swift */ = {isa = PBXFileReference; lastKnownFileType = sourcecode.swift; path = RMEndpoint.swift; sourceTree = "<group>"; };
		D5D89C1A2AA55554001197E5 /* RMOrigin.swift */ = {isa = PBXFileReference; lastKnownFileType = sourcecode.swift; path = RMOrigin.swift; sourceTree = "<group>"; };
		D5D89C1C2AA555BE001197E5 /* RMSingleLocation.swift */ = {isa = PBXFileReference; lastKnownFileType = sourcecode.swift; path = RMSingleLocation.swift; sourceTree = "<group>"; };
		D5D89C1E2AA5566F001197E5 /* RMCharacterStatus.swift */ = {isa = PBXFileReference; lastKnownFileType = sourcecode.swift; path = RMCharacterStatus.swift; sourceTree = "<group>"; };
		D5D89C202AA5568D001197E5 /* RMCharacterGender.swift */ = {isa = PBXFileReference; lastKnownFileType = sourcecode.swift; path = RMCharacterGender.swift; sourceTree = "<group>"; };
		D5D89C242AA5679A001197E5 /* GetAllCharactersResponse.swift */ = {isa = PBXFileReference; lastKnownFileType = sourcecode.swift; path = GetAllCharactersResponse.swift; sourceTree = "<group>"; };
/* End PBXFileReference section */

/* Begin PBXFrameworksBuildPhase section */
		D54676A92AA2F5F7000914F9 /* Frameworks */ = {
			isa = PBXFrameworksBuildPhase;
			buildActionMask = 2147483647;
			files = (
			);
			runOnlyForDeploymentPostprocessing = 0;
		};
/* End PBXFrameworksBuildPhase section */

/* Begin PBXGroup section */
		D54676A32AA2F5F7000914F9 = {
			isa = PBXGroup;
			children = (
				D54676AE2AA2F5F7000914F9 /* RickAndMorty */,
				D54676AD2AA2F5F7000914F9 /* Products */,
			);
			sourceTree = "<group>";
		};
		D54676AD2AA2F5F7000914F9 /* Products */ = {
			isa = PBXGroup;
			children = (
				D54676AC2AA2F5F7000914F9 /* RickAndMorty.app */,
			);
			name = Products;
			sourceTree = "<group>";
		};
		D54676AE2AA2F5F7000914F9 /* RickAndMorty */ = {
			isa = PBXGroup;
			children = (
				D54676C42AA2F9EB000914F9 /* Resources */,
				D54676C62AA2F9F9000914F9 /* Mannagers */,
				D54676CA2AA2FA3A000914F9 /* APIClient */,
				D54676C92AA2FA33000914F9 /* ViewModels */,
				D54676C72AA2FA2B000914F9 /* Views */,
				D54676C82AA2FA2F000914F9 /* Models */,
				D54676CB2AA2FA77000914F9 /* Controllers */,
				D54676BD2AA2F5FB000914F9 /* Info.plist */,
			);
			path = RickAndMorty;
			sourceTree = "<group>";
		};
		D54676C42AA2F9EB000914F9 /* Resources */ = {
			isa = PBXGroup;
			children = (
				D54676B82AA2F5FB000914F9 /* Assets.xcassets */,
				D54676BA2AA2F5FB000914F9 /* LaunchScreen.storyboard */,
				D54676AF2AA2F5F7000914F9 /* AppDelegate.swift */,
				D54676B12AA2F5F7000914F9 /* SceneDelegate.swift */,
			);
			path = Resources;
			sourceTree = "<group>";
		};
		D54676C62AA2F9F9000914F9 /* Mannagers */ = {
			isa = PBXGroup;
			children = (
			);
			path = Mannagers;
			sourceTree = "<group>";
		};
		D54676C72AA2FA2B000914F9 /* Views */ = {
			isa = PBXGroup;
			children = (
			);
			path = Views;
			sourceTree = "<group>";
		};
		D54676C82AA2FA2F000914F9 /* Models */ = {
			isa = PBXGroup;
			children = (
				D5D89C232AA56784001197E5 /* APIResponseTypes */,
				D5D89C222AA56777001197E5 /* DataTypes */,
			);
			path = Models;
			sourceTree = "<group>";
		};
		D54676C92AA2FA33000914F9 /* ViewModels */ = {
			isa = PBXGroup;
			children = (
			);
			path = ViewModels;
			sourceTree = "<group>";
		};
		D54676CA2AA2FA3A000914F9 /* APIClient */ = {
			isa = PBXGroup;
			children = (
				D5D89C142AA55155001197E5 /* RMService.swift */,
				D5D89C162AA5516B001197E5 /* RMRequest.swift */,
				D5D89C182AA551F7001197E5 /* RMEndpoint.swift */,
			);
			path = APIClient;
			sourceTree = "<group>";
		};
		D54676CB2AA2FA77000914F9 /* Controllers */ = {
			isa = PBXGroup;
			children = (
				D54676D22AA2FB68000914F9 /* Core */,
			);
			path = Controllers;
			sourceTree = "<group>";
		};
		D54676D22AA2FB68000914F9 /* Core */ = {
			isa = PBXGroup;
			children = (
				D54676B32AA2F5F7000914F9 /* RMBarViewController.swift */,
				D54676D32AA2FB9F000914F9 /* RMCharacterViewController.swift */,
				D54676D52AA2FBAF000914F9 /* RMLocationViewController.swift */,
				D54676D72AA2FBBA000914F9 /* RMEpisodeViewController.swift */,
				D54676D92AA2FBC2000914F9 /* RMSettingsViewController.swift */,
			);
			path = Core;
			sourceTree = "<group>";
		};
		D5D89C222AA56777001197E5 /* DataTypes */ = {
			isa = PBXGroup;
			children = (
				D54676CC2AA2FAC9000914F9 /* RMLocation.swift */,
				D5D89C1C2AA555BE001197E5 /* RMSingleLocation.swift */,
				D5D89C1A2AA55554001197E5 /* RMOrigin.swift */,
				D54676CE2AA2FAD2000914F9 /* RMCharacter.swift */,
				D5D89C202AA5568D001197E5 /* RMCharacterGender.swift */,
				D5D89C1E2AA5566F001197E5 /* RMCharacterStatus.swift */,
				D54676D02AA2FAD9000914F9 /* RMEpisode.swift */,
			);
			path = DataTypes;
			sourceTree = "<group>";
		};
		D5D89C232AA56784001197E5 /* APIResponseTypes */ = {
			isa = PBXGroup;
			children = (
				D5D89C242AA5679A001197E5 /* GetAllCharactersResponse.swift */,
			);
			path = APIResponseTypes;
			sourceTree = "<group>";
		};
/* End PBXGroup section */

/* Begin PBXNativeTarget section */
		D54676AB2AA2F5F7000914F9 /* RickAndMorty */ = {
			isa = PBXNativeTarget;
			buildConfigurationList = D54676C02AA2F5FB000914F9 /* Build configuration list for PBXNativeTarget "RickAndMorty" */;
			buildPhases = (
				D54676A82AA2F5F7000914F9 /* Sources */,
				D54676A92AA2F5F7000914F9 /* Frameworks */,
				D54676AA2AA2F5F7000914F9 /* Resources */,
			);
			buildRules = (
			);
			dependencies = (
			);
			name = RickAndMorty;
			productName = RickAndMorty;
			productReference = D54676AC2AA2F5F7000914F9 /* RickAndMorty.app */;
			productType = "com.apple.product-type.application";
		};
/* End PBXNativeTarget section */

/* Begin PBXProject section */
		D54676A42AA2F5F7000914F9 /* Project object */ = {
			isa = PBXProject;
			attributes = {
				BuildIndependentTargetsInParallel = 1;
				LastSwiftUpdateCheck = 1430;
				LastUpgradeCheck = 1430;
				TargetAttributes = {
					D54676AB2AA2F5F7000914F9 = {
						CreatedOnToolsVersion = 14.3.1;
					};
				};
			};
			buildConfigurationList = D54676A72AA2F5F7000914F9 /* Build configuration list for PBXProject "RickAndMorty" */;
			compatibilityVersion = "Xcode 14.0";
			developmentRegion = en;
			hasScannedForEncodings = 0;
			knownRegions = (
				en,
				Base,
			);
			mainGroup = D54676A32AA2F5F7000914F9;
			productRefGroup = D54676AD2AA2F5F7000914F9 /* Products */;
			projectDirPath = "";
			projectRoot = "";
			targets = (
				D54676AB2AA2F5F7000914F9 /* RickAndMorty */,
			);
		};
/* End PBXProject section */

/* Begin PBXResourcesBuildPhase section */
		D54676AA2AA2F5F7000914F9 /* Resources */ = {
			isa = PBXResourcesBuildPhase;
			buildActionMask = 2147483647;
			files = (
				D54676BC2AA2F5FB000914F9 /* LaunchScreen.storyboard in Resources */,
				D54676B92AA2F5FB000914F9 /* Assets.xcassets in Resources */,
			);
			runOnlyForDeploymentPostprocessing = 0;
		};
/* End PBXResourcesBuildPhase section */

/* Begin PBXSourcesBuildPhase section */
		D54676A82AA2F5F7000914F9 /* Sources */ = {
			isa = PBXSourcesBuildPhase;
			buildActionMask = 2147483647;
			files = (
				D5D89C1B2AA55554001197E5 /* RMOrigin.swift in Sources */,
				D5D89C1D2AA555BE001197E5 /* RMSingleLocation.swift in Sources */,
				D5D89C1F2AA5566F001197E5 /* RMCharacterStatus.swift in Sources */,
				D5D89C212AA5568D001197E5 /* RMCharacterGender.swift in Sources */,
				D54676D62AA2FBAF000914F9 /* RMLocationViewController.swift in Sources */,
				D5D89C252AA5679A001197E5 /* GetAllCharactersResponse.swift in Sources */,
				D54676D12AA2FAD9000914F9 /* RMEpisode.swift in Sources */,
				D54676B42AA2F5F7000914F9 /* RMBarViewController.swift in Sources */,
				D54676D82AA2FBBA000914F9 /* RMEpisodeViewController.swift in Sources */,
				D54676B02AA2F5F7000914F9 /* AppDelegate.swift in Sources */,
				D54676B22AA2F5F7000914F9 /* SceneDelegate.swift in Sources */,
				D54676DA2AA2FBC2000914F9 /* RMSettingsViewController.swift in Sources */,
				D5D89C152AA55155001197E5 /* RMService.swift in Sources */,
				D54676CD2AA2FAC9000914F9 /* RMLocation.swift in Sources */,
				D5D89C192AA551F7001197E5 /* RMEndpoint.swift in Sources */,
				D54676CF2AA2FAD2000914F9 /* RMCharacter.swift in Sources */,
				D5D89C172AA5516B001197E5 /* RMRequest.swift in Sources */,
				D54676D42AA2FB9F000914F9 /* RMCharacterViewController.swift in Sources */,
			);
			runOnlyForDeploymentPostprocessing = 0;
		};
/* End PBXSourcesBuildPhase section */

/* Begin PBXVariantGroup section */
		D54676BA2AA2F5FB000914F9 /* LaunchScreen.storyboard */ = {
			isa = PBXVariantGroup;
			children = (
				D54676BB2AA2F5FB000914F9 /* Base */,
			);
			name = LaunchScreen.storyboard;
			sourceTree = "<group>";
		};
/* End PBXVariantGroup section */

/* Begin XCBuildConfiguration section */
		D54676BE2AA2F5FB000914F9 /* Debug */ = {
			isa = XCBuildConfiguration;
			buildSettings = {
				ALWAYS_SEARCH_USER_PATHS = NO;
				CLANG_ANALYZER_NONNULL = YES;
				CLANG_ANALYZER_NUMBER_OBJECT_CONVERSION = YES_AGGRESSIVE;
				CLANG_CXX_LANGUAGE_STANDARD = "gnu++20";
				CLANG_ENABLE_MODULES = YES;
				CLANG_ENABLE_OBJC_ARC = YES;
				CLANG_ENABLE_OBJC_WEAK = YES;
				CLANG_WARN_BLOCK_CAPTURE_AUTORELEASING = YES;
				CLANG_WARN_BOOL_CONVERSION = YES;
				CLANG_WARN_COMMA = YES;
				CLANG_WARN_CONSTANT_CONVERSION = YES;
				CLANG_WARN_DEPRECATED_OBJC_IMPLEMENTATIONS = YES;
				CLANG_WARN_DIRECT_OBJC_ISA_USAGE = YES_ERROR;
				CLANG_WARN_DOCUMENTATION_COMMENTS = YES;
				CLANG_WARN_EMPTY_BODY = YES;
				CLANG_WARN_ENUM_CONVERSION = YES;
				CLANG_WARN_INFINITE_RECURSION = YES;
				CLANG_WARN_INT_CONVERSION = YES;
				CLANG_WARN_NON_LITERAL_NULL_CONVERSION = YES;
				CLANG_WARN_OBJC_IMPLICIT_RETAIN_SELF = YES;
				CLANG_WARN_OBJC_LITERAL_CONVERSION = YES;
				CLANG_WARN_OBJC_ROOT_CLASS = YES_ERROR;
				CLANG_WARN_QUOTED_INCLUDE_IN_FRAMEWORK_HEADER = YES;
				CLANG_WARN_RANGE_LOOP_ANALYSIS = YES;
				CLANG_WARN_STRICT_PROTOTYPES = YES;
				CLANG_WARN_SUSPICIOUS_MOVE = YES;
				CLANG_WARN_UNGUARDED_AVAILABILITY = YES_AGGRESSIVE;
				CLANG_WARN_UNREACHABLE_CODE = YES;
				CLANG_WARN__DUPLICATE_METHOD_MATCH = YES;
				COPY_PHASE_STRIP = NO;
				DEBUG_INFORMATION_FORMAT = dwarf;
				ENABLE_STRICT_OBJC_MSGSEND = YES;
				ENABLE_TESTABILITY = YES;
				GCC_C_LANGUAGE_STANDARD = gnu11;
				GCC_DYNAMIC_NO_PIC = NO;
				GCC_NO_COMMON_BLOCKS = YES;
				GCC_OPTIMIZATION_LEVEL = 0;
				GCC_PREPROCESSOR_DEFINITIONS = (
					"DEBUG=1",
					"$(inherited)",
				);
				GCC_WARN_64_TO_32_BIT_CONVERSION = YES;
				GCC_WARN_ABOUT_RETURN_TYPE = YES_ERROR;
				GCC_WARN_UNDECLARED_SELECTOR = YES;
				GCC_WARN_UNINITIALIZED_AUTOS = YES_AGGRESSIVE;
				GCC_WARN_UNUSED_FUNCTION = YES;
				GCC_WARN_UNUSED_VARIABLE = YES;
				IPHONEOS_DEPLOYMENT_TARGET = 16.4;
				MTL_ENABLE_DEBUG_INFO = INCLUDE_SOURCE;
				MTL_FAST_MATH = YES;
				ONLY_ACTIVE_ARCH = YES;
				SDKROOT = iphoneos;
				SWIFT_ACTIVE_COMPILATION_CONDITIONS = DEBUG;
				SWIFT_OPTIMIZATION_LEVEL = "-Onone";
			};
			name = Debug;
		};
		D54676BF2AA2F5FB000914F9 /* Release */ = {
			isa = XCBuildConfiguration;
			buildSettings = {
				ALWAYS_SEARCH_USER_PATHS = NO;
				CLANG_ANALYZER_NONNULL = YES;
				CLANG_ANALYZER_NUMBER_OBJECT_CONVERSION = YES_AGGRESSIVE;
				CLANG_CXX_LANGUAGE_STANDARD = "gnu++20";
				CLANG_ENABLE_MODULES = YES;
				CLANG_ENABLE_OBJC_ARC = YES;
				CLANG_ENABLE_OBJC_WEAK = YES;
				CLANG_WARN_BLOCK_CAPTURE_AUTORELEASING = YES;
				CLANG_WARN_BOOL_CONVERSION = YES;
				CLANG_WARN_COMMA = YES;
				CLANG_WARN_CONSTANT_CONVERSION = YES;
				CLANG_WARN_DEPRECATED_OBJC_IMPLEMENTATIONS = YES;
				CLANG_WARN_DIRECT_OBJC_ISA_USAGE = YES_ERROR;
				CLANG_WARN_DOCUMENTATION_COMMENTS = YES;
				CLANG_WARN_EMPTY_BODY = YES;
				CLANG_WARN_ENUM_CONVERSION = YES;
				CLANG_WARN_INFINITE_RECURSION = YES;
				CLANG_WARN_INT_CONVERSION = YES;
				CLANG_WARN_NON_LITERAL_NULL_CONVERSION = YES;
				CLANG_WARN_OBJC_IMPLICIT_RETAIN_SELF = YES;
				CLANG_WARN_OBJC_LITERAL_CONVERSION = YES;
				CLANG_WARN_OBJC_ROOT_CLASS = YES_ERROR;
				CLANG_WARN_QUOTED_INCLUDE_IN_FRAMEWORK_HEADER = YES;
				CLANG_WARN_RANGE_LOOP_ANALYSIS = YES;
				CLANG_WARN_STRICT_PROTOTYPES = YES;
				CLANG_WARN_SUSPICIOUS_MOVE = YES;
				CLANG_WARN_UNGUARDED_AVAILABILITY = YES_AGGRESSIVE;
				CLANG_WARN_UNREACHABLE_CODE = YES;
				CLANG_WARN__DUPLICATE_METHOD_MATCH = YES;
				COPY_PHASE_STRIP = NO;
				DEBUG_INFORMATION_FORMAT = "dwarf-with-dsym";
				ENABLE_NS_ASSERTIONS = NO;
				ENABLE_STRICT_OBJC_MSGSEND = YES;
				GCC_C_LANGUAGE_STANDARD = gnu11;
				GCC_NO_COMMON_BLOCKS = YES;
				GCC_WARN_64_TO_32_BIT_CONVERSION = YES;
				GCC_WARN_ABOUT_RETURN_TYPE = YES_ERROR;
				GCC_WARN_UNDECLARED_SELECTOR = YES;
				GCC_WARN_UNINITIALIZED_AUTOS = YES_AGGRESSIVE;
				GCC_WARN_UNUSED_FUNCTION = YES;
				GCC_WARN_UNUSED_VARIABLE = YES;
				IPHONEOS_DEPLOYMENT_TARGET = 16.4;
				MTL_ENABLE_DEBUG_INFO = NO;
				MTL_FAST_MATH = YES;
				SDKROOT = iphoneos;
				SWIFT_COMPILATION_MODE = wholemodule;
				SWIFT_OPTIMIZATION_LEVEL = "-O";
				VALIDATE_PRODUCT = YES;
			};
			name = Release;
		};
		D54676C12AA2F5FB000914F9 /* Debug */ = {
			isa = XCBuildConfiguration;
			buildSettings = {
				ASSETCATALOG_COMPILER_APPICON_NAME = AppIcon;
				ASSETCATALOG_COMPILER_GLOBAL_ACCENT_COLOR_NAME = AccentColor;
				CODE_SIGN_STYLE = Automatic;
				CURRENT_PROJECT_VERSION = 1;
				DEVELOPMENT_TEAM = 45FBNKR837;
				GENERATE_INFOPLIST_FILE = YES;
				INFOPLIST_FILE = RickAndMorty/Info.plist;
				INFOPLIST_KEY_UIApplicationSupportsIndirectInputEvents = YES;
				INFOPLIST_KEY_UILaunchStoryboardName = LaunchScreen;
				INFOPLIST_KEY_UISupportedInterfaceOrientations_iPad = "UIInterfaceOrientationPortrait UIInterfaceOrientationPortraitUpsideDown UIInterfaceOrientationLandscapeLeft UIInterfaceOrientationLandscapeRight";
				INFOPLIST_KEY_UISupportedInterfaceOrientations_iPhone = "UIInterfaceOrientationPortrait UIInterfaceOrientationLandscapeLeft UIInterfaceOrientationLandscapeRight";
				LD_RUNPATH_SEARCH_PATHS = (
					"$(inherited)",
					"@executable_path/Frameworks",
				);
				MARKETING_VERSION = 1.0;
				PRODUCT_BUNDLE_IDENTIFIER = kcalixto.RickAndMorty;
				PRODUCT_NAME = "$(TARGET_NAME)";
				SWIFT_EMIT_LOC_STRINGS = YES;
				SWIFT_VERSION = 5.0;
				TARGETED_DEVICE_FAMILY = "1,2";
			};
			name = Debug;
		};
		D54676C22AA2F5FB000914F9 /* Release */ = {
			isa = XCBuildConfiguration;
			buildSettings = {
				ASSETCATALOG_COMPILER_APPICON_NAME = AppIcon;
				ASSETCATALOG_COMPILER_GLOBAL_ACCENT_COLOR_NAME = AccentColor;
				CODE_SIGN_STYLE = Automatic;
				CURRENT_PROJECT_VERSION = 1;
				DEVELOPMENT_TEAM = 45FBNKR837;
				GENERATE_INFOPLIST_FILE = YES;
				INFOPLIST_FILE = RickAndMorty/Info.plist;
				INFOPLIST_KEY_UIApplicationSupportsIndirectInputEvents = YES;
				INFOPLIST_KEY_UILaunchStoryboardName = LaunchScreen;
				INFOPLIST_KEY_UISupportedInterfaceOrientations_iPad = "UIInterfaceOrientationPortrait UIInterfaceOrientationPortraitUpsideDown UIInterfaceOrientationLandscapeLeft UIInterfaceOrientationLandscapeRight";
				INFOPLIST_KEY_UISupportedInterfaceOrientations_iPhone = "UIInterfaceOrientationPortrait UIInterfaceOrientationLandscapeLeft UIInterfaceOrientationLandscapeRight";
				LD_RUNPATH_SEARCH_PATHS = (
					"$(inherited)",
					"@executable_path/Frameworks",
				);
				MARKETING_VERSION = 1.0;
				PRODUCT_BUNDLE_IDENTIFIER = kcalixto.RickAndMorty;
				PRODUCT_NAME = "$(TARGET_NAME)";
				SWIFT_EMIT_LOC_STRINGS = YES;
				SWIFT_VERSION = 5.0;
				TARGETED_DEVICE_FAMILY = "1,2";
			};
			name = Release;
		};
/* End XCBuildConfiguration section */

/* Begin XCConfigurationList section */
		D54676A72AA2F5F7000914F9 /* Build configuration list for PBXProject "RickAndMorty" */ = {
			isa = XCConfigurationList;
			buildConfigurations = (
				D54676BE2AA2F5FB000914F9 /* Debug */,
				D54676BF2AA2F5FB000914F9 /* Release */,
			);
			defaultConfigurationIsVisible = 0;
			defaultConfigurationName = Release;
		};
		D54676C02AA2F5FB000914F9 /* Build configuration list for PBXNativeTarget "RickAndMorty" */ = {
			isa = XCConfigurationList;
			buildConfigurations = (
				D54676C12AA2F5FB000914F9 /* Debug */,
				D54676C22AA2F5FB000914F9 /* Release */,
			);
			defaultConfigurationIsVisible = 0;
			defaultConfigurationName = Release;
		};
/* End XCConfigurationList section */
	};
	rootObject = D54676A42AA2F5F7000914F9 /* Project object */;
}
